// !$*UTF8*$!
{
	archiveVersion = 1;
	classes = {
	};
	objectVersion = 55;
	objects = {

/* Begin PBXBuildFile section */
		607E996128CD9595005F0D8D /* AppDelegate.swift in Sources */ = {isa = PBXBuildFile; fileRef = 607E996028CD9595005F0D8D /* AppDelegate.swift */; };
		607E996328CD9595005F0D8D /* SceneDelegate.swift in Sources */ = {isa = PBXBuildFile; fileRef = 607E996228CD9595005F0D8D /* SceneDelegate.swift */; };
		607E996528CD9595005F0D8D /* ViewController.swift in Sources */ = {isa = PBXBuildFile; fileRef = 607E996428CD9595005F0D8D /* ViewController.swift */; };
		607E996828CD9595005F0D8D /* Main.storyboard in Resources */ = {isa = PBXBuildFile; fileRef = 607E996628CD9595005F0D8D /* Main.storyboard */; };
		607E996A28CD9595005F0D8D /* Assets.xcassets in Resources */ = {isa = PBXBuildFile; fileRef = 607E996928CD9595005F0D8D /* Assets.xcassets */; };
		607E996D28CD9595005F0D8D /* LaunchScreen.storyboard in Resources */ = {isa = PBXBuildFile; fileRef = 607E996B28CD9595005F0D8D /* LaunchScreen.storyboard */; };
		607E997828CD9596005F0D8D /* PlanetListTests.swift in Sources */ = {isa = PBXBuildFile; fileRef = 607E997728CD9596005F0D8D /* PlanetListTests.swift */; };
		607E998228CD9596005F0D8D /* PlanetListUITests.swift in Sources */ = {isa = PBXBuildFile; fileRef = 607E998128CD9596005F0D8D /* PlanetListUITests.swift */; };
		607E998428CD9596005F0D8D /* PlanetListUITestsLaunchTests.swift in Sources */ = {isa = PBXBuildFile; fileRef = 607E998328CD9596005F0D8D /* PlanetListUITestsLaunchTests.swift */; };
/* End PBXBuildFile section */

/* Begin PBXContainerItemProxy section */
		607E997428CD9596005F0D8D /* PBXContainerItemProxy */ = {
			isa = PBXContainerItemProxy;
			containerPortal = 607E995528CD9595005F0D8D /* Project object */;
			proxyType = 1;
			remoteGlobalIDString = 607E995C28CD9595005F0D8D;
			remoteInfo = PlanetList;
		};
		607E997E28CD9596005F0D8D /* PBXContainerItemProxy */ = {
			isa = PBXContainerItemProxy;
			containerPortal = 607E995528CD9595005F0D8D /* Project object */;
			proxyType = 1;
			remoteGlobalIDString = 607E995C28CD9595005F0D8D;
			remoteInfo = PlanetList;
		};
/* End PBXContainerItemProxy section */

/* Begin PBXFileReference section */
		607E995D28CD9595005F0D8D /* PlanetList.app */ = {isa = PBXFileReference; explicitFileType = wrapper.application; includeInIndex = 0; path = PlanetList.app; sourceTree = BUILT_PRODUCTS_DIR; };
		607E996028CD9595005F0D8D /* AppDelegate.swift */ = {isa = PBXFileReference; lastKnownFileType = sourcecode.swift; path = AppDelegate.swift; sourceTree = "<group>"; };
		607E996228CD9595005F0D8D /* SceneDelegate.swift */ = {isa = PBXFileReference; lastKnownFileType = sourcecode.swift; path = SceneDelegate.swift; sourceTree = "<group>"; };
		607E996428CD9595005F0D8D /* ViewController.swift */ = {isa = PBXFileReference; lastKnownFileType = sourcecode.swift; path = ViewController.swift; sourceTree = "<group>"; };
		607E996728CD9595005F0D8D /* Base */ = {isa = PBXFileReference; lastKnownFileType = file.storyboard; name = Base; path = Base.lproj/Main.storyboard; sourceTree = "<group>"; };
		607E996928CD9595005F0D8D /* Assets.xcassets */ = {isa = PBXFileReference; lastKnownFileType = folder.assetcatalog; path = Assets.xcassets; sourceTree = "<group>"; };
		607E996C28CD9595005F0D8D /* Base */ = {isa = PBXFileReference; lastKnownFileType = file.storyboard; name = Base; path = Base.lproj/LaunchScreen.storyboard; sourceTree = "<group>"; };
		607E996E28CD9595005F0D8D /* Info.plist */ = {isa = PBXFileReference; lastKnownFileType = text.plist.xml; path = Info.plist; sourceTree = "<group>"; };
		607E997328CD9596005F0D8D /* PlanetListTests.xctest */ = {isa = PBXFileReference; explicitFileType = wrapper.cfbundle; includeInIndex = 0; path = PlanetListTests.xctest; sourceTree = BUILT_PRODUCTS_DIR; };
		607E997728CD9596005F0D8D /* PlanetListTests.swift */ = {isa = PBXFileReference; lastKnownFileType = sourcecode.swift; path = PlanetListTests.swift; sourceTree = "<group>"; };
		607E997D28CD9596005F0D8D /* PlanetListUITests.xctest */ = {isa = PBXFileReference; explicitFileType = wrapper.cfbundle; includeInIndex = 0; path = PlanetListUITests.xctest; sourceTree = BUILT_PRODUCTS_DIR; };
		607E998128CD9596005F0D8D /* PlanetListUITests.swift */ = {isa = PBXFileReference; lastKnownFileType = sourcecode.swift; path = PlanetListUITests.swift; sourceTree = "<group>"; };
		607E998328CD9596005F0D8D /* PlanetListUITestsLaunchTests.swift */ = {isa = PBXFileReference; lastKnownFileType = sourcecode.swift; path = PlanetListUITestsLaunchTests.swift; sourceTree = "<group>"; };
/* End PBXFileReference section */

/* Begin PBXFrameworksBuildPhase section */
		607E995A28CD9595005F0D8D /* Frameworks */ = {
			isa = PBXFrameworksBuildPhase;
			buildActionMask = 2147483647;
			files = (
			);
			runOnlyForDeploymentPostprocessing = 0;
		};
		607E997028CD9596005F0D8D /* Frameworks */ = {
			isa = PBXFrameworksBuildPhase;
			buildActionMask = 2147483647;
			files = (
			);
			runOnlyForDeploymentPostprocessing = 0;
		};
		607E997A28CD9596005F0D8D /* Frameworks */ = {
			isa = PBXFrameworksBuildPhase;
			buildActionMask = 2147483647;
			files = (
			);
			runOnlyForDeploymentPostprocessing = 0;
		};
/* End PBXFrameworksBuildPhase section */

/* Begin PBXGroup section */
		607E995428CD9595005F0D8D = {
			isa = PBXGroup;
			children = (
				607E995F28CD9595005F0D8D /* PlanetList */,
				607E997628CD9596005F0D8D /* PlanetListTests */,
				607E998028CD9596005F0D8D /* PlanetListUITests */,
				607E995E28CD9595005F0D8D /* Products */,
			);
			sourceTree = "<group>";
		};
		607E995E28CD9595005F0D8D /* Products */ = {
			isa = PBXGroup;
			children = (
				607E995D28CD9595005F0D8D /* PlanetList.app */,
				607E997328CD9596005F0D8D /* PlanetListTests.xctest */,
				607E997D28CD9596005F0D8D /* PlanetListUITests.xctest */,
			);
			name = Products;
			sourceTree = "<group>";
		};
		607E995F28CD9595005F0D8D /* PlanetList */ = {
			isa = PBXGroup;
			children = (
				607E996028CD9595005F0D8D /* AppDelegate.swift */,
				607E996228CD9595005F0D8D /* SceneDelegate.swift */,
				607E996428CD9595005F0D8D /* ViewController.swift */,
				607E996628CD9595005F0D8D /* Main.storyboard */,
				607E996928CD9595005F0D8D /* Assets.xcassets */,
				607E996B28CD9595005F0D8D /* LaunchScreen.storyboard */,
				607E996E28CD9595005F0D8D /* Info.plist */,
			);
			path = PlanetList;
			sourceTree = "<group>";
		};
		607E997628CD9596005F0D8D /* PlanetListTests */ = {
			isa = PBXGroup;
			children = (
				607E997728CD9596005F0D8D /* PlanetListTests.swift */,
			);
			path = PlanetListTests;
			sourceTree = "<group>";
		};
		607E998028CD9596005F0D8D /* PlanetListUITests */ = {
			isa = PBXGroup;
			children = (
				607E998128CD9596005F0D8D /* PlanetListUITests.swift */,
				607E998328CD9596005F0D8D /* PlanetListUITestsLaunchTests.swift */,
			);
			path = PlanetListUITests;
			sourceTree = "<group>";
		};
/* End PBXGroup section */

/* Begin PBXNativeTarget section */
		607E995C28CD9595005F0D8D /* PlanetList */ = {
			isa = PBXNativeTarget;
			buildConfigurationList = 607E998728CD9596005F0D8D /* Build configuration list for PBXNativeTarget "PlanetList" */;
			buildPhases = (
				607E995928CD9595005F0D8D /* Sources */,
				607E995A28CD9595005F0D8D /* Frameworks */,
				607E995B28CD9595005F0D8D /* Resources */,
			);
			buildRules = (
			);
			dependencies = (
			);
			name = PlanetList;
			productName = PlanetList;
			productReference = 607E995D28CD9595005F0D8D /* PlanetList.app */;
			productType = "com.apple.product-type.application";
		};
		607E997228CD9596005F0D8D /* PlanetListTests */ = {
			isa = PBXNativeTarget;
			buildConfigurationList = 607E998A28CD9596005F0D8D /* Build configuration list for PBXNativeTarget "PlanetListTests" */;
			buildPhases = (
				607E996F28CD9596005F0D8D /* Sources */,
				607E997028CD9596005F0D8D /* Frameworks */,
				607E997128CD9596005F0D8D /* Resources */,
			);
			buildRules = (
			);
			dependencies = (
				607E997528CD9596005F0D8D /* PBXTargetDependency */,
			);
			name = PlanetListTests;
			productName = PlanetListTests;
			productReference = 607E997328CD9596005F0D8D /* PlanetListTests.xctest */;
			productType = "com.apple.product-type.bundle.unit-test";
		};
		607E997C28CD9596005F0D8D /* PlanetListUITests */ = {
			isa = PBXNativeTarget;
			buildConfigurationList = 607E998D28CD9596005F0D8D /* Build configuration list for PBXNativeTarget "PlanetListUITests" */;
			buildPhases = (
				607E997928CD9596005F0D8D /* Sources */,
				607E997A28CD9596005F0D8D /* Frameworks */,
				607E997B28CD9596005F0D8D /* Resources */,
			);
			buildRules = (
			);
			dependencies = (
				607E997F28CD9596005F0D8D /* PBXTargetDependency */,
			);
			name = PlanetListUITests;
			productName = PlanetListUITests;
			productReference = 607E997D28CD9596005F0D8D /* PlanetListUITests.xctest */;
			productType = "com.apple.product-type.bundle.ui-testing";
		};
/* End PBXNativeTarget section */

/* Begin PBXProject section */
		607E995528CD9595005F0D8D /* Project object */ = {
			isa = PBXProject;
			attributes = {
				BuildIndependentTargetsInParallel = 1;
				LastSwiftUpdateCheck = 1340;
				LastUpgradeCheck = 1340;
				TargetAttributes = {
					607E995C28CD9595005F0D8D = {
						CreatedOnToolsVersion = 13.4.1;
					};
					607E997228CD9596005F0D8D = {
						CreatedOnToolsVersion = 13.4.1;
						TestTargetID = 607E995C28CD9595005F0D8D;
					};
					607E997C28CD9596005F0D8D = {
						CreatedOnToolsVersion = 13.4.1;
						TestTargetID = 607E995C28CD9595005F0D8D;
					};
				};
			};
			buildConfigurationList = 607E995828CD9595005F0D8D /* Build configuration list for PBXProject "PlanetList" */;
			compatibilityVersion = "Xcode 13.0";
			developmentRegion = en;
			hasScannedForEncodings = 0;
			knownRegions = (
				en,
				Base,
			);
			mainGroup = 607E995428CD9595005F0D8D;
			productRefGroup = 607E995E28CD9595005F0D8D /* Products */;
			projectDirPath = "";
			projectRoot = "";
			targets = (
				607E995C28CD9595005F0D8D /* PlanetList */,
				607E997228CD9596005F0D8D /* PlanetListTests */,
				607E997C28CD9596005F0D8D /* PlanetListUITests */,
			);
		};
/* End PBXProject section */

/* Begin PBXResourcesBuildPhase section */
		607E995B28CD9595005F0D8D /* Resources */ = {
			isa = PBXResourcesBuildPhase;
			buildActionMask = 2147483647;
			files = (
				607E996D28CD9595005F0D8D /* LaunchScreen.storyboard in Resources */,
				607E996A28CD9595005F0D8D /* Assets.xcassets in Resources */,
				607E996828CD9595005F0D8D /* Main.storyboard in Resources */,
			);
			runOnlyForDeploymentPostprocessing = 0;
		};
		607E997128CD9596005F0D8D /* Resources */ = {
			isa = PBXResourcesBuildPhase;
			buildActionMask = 2147483647;
			files = (
			);
			runOnlyForDeploymentPostprocessing = 0;
		};
		607E997B28CD9596005F0D8D /* Resources */ = {
			isa = PBXResourcesBuildPhase;
			buildActionMask = 2147483647;
			files = (
			);
			runOnlyForDeploymentPostprocessing = 0;
		};
/* End PBXResourcesBuildPhase section */

/* Begin PBXSourcesBuildPhase section */
		607E995928CD9595005F0D8D /* Sources */ = {
			isa = PBXSourcesBuildPhase;
			buildActionMask = 2147483647;
			files = (
				607E996528CD9595005F0D8D /* ViewController.swift in Sources */,
				607E996128CD9595005F0D8D /* AppDelegate.swift in Sources */,
				607E996328CD9595005F0D8D /* SceneDelegate.swift in Sources */,
			);
			runOnlyForDeploymentPostprocessing = 0;
		};
		607E996F28CD9596005F0D8D /* Sources */ = {
			isa = PBXSourcesBuildPhase;
			buildActionMask = 2147483647;
			files = (
				607E997828CD9596005F0D8D /* PlanetListTests.swift in Sources */,
			);
			runOnlyForDeploymentPostprocessing = 0;
		};
		607E997928CD9596005F0D8D /* Sources */ = {
			isa = PBXSourcesBuildPhase;
			buildActionMask = 2147483647;
			files = (
				607E998428CD9596005F0D8D /* PlanetListUITestsLaunchTests.swift in Sources */,
				607E998228CD9596005F0D8D /* PlanetListUITests.swift in Sources */,
			);
			runOnlyForDeploymentPostprocessing = 0;
		};
/* End PBXSourcesBuildPhase section */

/* Begin PBXTargetDependency section */
		607E997528CD9596005F0D8D /* PBXTargetDependency */ = {
			isa = PBXTargetDependency;
			target = 607E995C28CD9595005F0D8D /* PlanetList */;
			targetProxy = 607E997428CD9596005F0D8D /* PBXContainerItemProxy */;
		};
		607E997F28CD9596005F0D8D /* PBXTargetDependency */ = {
			isa = PBXTargetDependency;
			target = 607E995C28CD9595005F0D8D /* PlanetList */;
			targetProxy = 607E997E28CD9596005F0D8D /* PBXContainerItemProxy */;
		};
/* End PBXTargetDependency section */

/* Begin PBXVariantGroup section */
		607E996628CD9595005F0D8D /* Main.storyboard */ = {
			isa = PBXVariantGroup;
			children = (
				607E996728CD9595005F0D8D /* Base */,
			);
			name = Main.storyboard;
			sourceTree = "<group>";
		};
		607E996B28CD9595005F0D8D /* LaunchScreen.storyboard */ = {
			isa = PBXVariantGroup;
			children = (
				607E996C28CD9595005F0D8D /* Base */,
			);
			name = LaunchScreen.storyboard;
			sourceTree = "<group>";
		};
/* End PBXVariantGroup section */

/* Begin XCBuildConfiguration section */
		607E998528CD9596005F0D8D /* Debug */ = {
			isa = XCBuildConfiguration;
			buildSettings = {
				ALWAYS_SEARCH_USER_PATHS = NO;
				CLANG_ANALYZER_NONNULL = YES;
				CLANG_ANALYZER_NUMBER_OBJECT_CONVERSION = YES_AGGRESSIVE;
				CLANG_CXX_LANGUAGE_STANDARD = "gnu++17";
				CLANG_ENABLE_MODULES = YES;
				CLANG_ENABLE_OBJC_ARC = YES;
				CLANG_ENABLE_OBJC_WEAK = YES;
				CLANG_WARN_BLOCK_CAPTURE_AUTORELEASING = YES;
				CLANG_WARN_BOOL_CONVERSION = YES;
				CLANG_WARN_COMMA = YES;
				CLANG_WARN_CONSTANT_CONVERSION = YES;
				CLANG_WARN_DEPRECATED_OBJC_IMPLEMENTATIONS = YES;
				CLANG_WARN_DIRECT_OBJC_ISA_USAGE = YES_ERROR;
				CLANG_WARN_DOCUMENTATION_COMMENTS = YES;
				CLANG_WARN_EMPTY_BODY = YES;
				CLANG_WARN_ENUM_CONVERSION = YES;
				CLANG_WARN_INFINITE_RECURSION = YES;
				CLANG_WARN_INT_CONVERSION = YES;
				CLANG_WARN_NON_LITERAL_NULL_CONVERSION = YES;
				CLANG_WARN_OBJC_IMPLICIT_RETAIN_SELF = YES;
				CLANG_WARN_OBJC_LITERAL_CONVERSION = YES;
				CLANG_WARN_OBJC_ROOT_CLASS = YES_ERROR;
				CLANG_WARN_QUOTED_INCLUDE_IN_FRAMEWORK_HEADER = YES;
				CLANG_WARN_RANGE_LOOP_ANALYSIS = YES;
				CLANG_WARN_STRICT_PROTOTYPES = YES;
				CLANG_WARN_SUSPICIOUS_MOVE = YES;
				CLANG_WARN_UNGUARDED_AVAILABILITY = YES_AGGRESSIVE;
				CLANG_WARN_UNREACHABLE_CODE = YES;
				CLANG_WARN__DUPLICATE_METHOD_MATCH = YES;
				COPY_PHASE_STRIP = NO;
				DEBUG_INFORMATION_FORMAT = dwarf;
				ENABLE_STRICT_OBJC_MSGSEND = YES;
				ENABLE_TESTABILITY = YES;
				GCC_C_LANGUAGE_STANDARD = gnu11;
				GCC_DYNAMIC_NO_PIC = NO;
				GCC_NO_COMMON_BLOCKS = YES;
				GCC_OPTIMIZATION_LEVEL = 0;
				GCC_PREPROCESSOR_DEFINITIONS = (
					"DEBUG=1",
					"$(inherited)",
				);
				GCC_WARN_64_TO_32_BIT_CONVERSION = YES;
				GCC_WARN_ABOUT_RETURN_TYPE = YES_ERROR;
				GCC_WARN_UNDECLARED_SELECTOR = YES;
				GCC_WARN_UNINITIALIZED_AUTOS = YES_AGGRESSIVE;
				GCC_WARN_UNUSED_FUNCTION = YES;
				GCC_WARN_UNUSED_VARIABLE = YES;
				IPHONEOS_DEPLOYMENT_TARGET = 15.5;
				MTL_ENABLE_DEBUG_INFO = INCLUDE_SOURCE;
				MTL_FAST_MATH = YES;
				ONLY_ACTIVE_ARCH = YES;
				SDKROOT = iphoneos;
				SWIFT_ACTIVE_COMPILATION_CONDITIONS = DEBUG;
				SWIFT_OPTIMIZATION_LEVEL = "-Onone";
			};
			name = Debug;
		};
		607E998628CD9596005F0D8D /* Release */ = {
			isa = XCBuildConfiguration;
			buildSettings = {
				ALWAYS_SEARCH_USER_PATHS = NO;
				CLANG_ANALYZER_NONNULL = YES;
				CLANG_ANALYZER_NUMBER_OBJECT_CONVERSION = YES_AGGRESSIVE;
				CLANG_CXX_LANGUAGE_STANDARD = "gnu++17";
				CLANG_ENABLE_MODULES = YES;
				CLANG_ENABLE_OBJC_ARC = YES;
				CLANG_ENABLE_OBJC_WEAK = YES;
				CLANG_WARN_BLOCK_CAPTURE_AUTORELEASING = YES;
				CLANG_WARN_BOOL_CONVERSION = YES;
				CLANG_WARN_COMMA = YES;
				CLANG_WARN_CONSTANT_CONVERSION = YES;
				CLANG_WARN_DEPRECATED_OBJC_IMPLEMENTATIONS = YES;
				CLANG_WARN_DIRECT_OBJC_ISA_USAGE = YES_ERROR;
				CLANG_WARN_DOCUMENTATION_COMMENTS = YES;
				CLANG_WARN_EMPTY_BODY = YES;
				CLANG_WARN_ENUM_CONVERSION = YES;
				CLANG_WARN_INFINITE_RECURSION = YES;
				CLANG_WARN_INT_CONVERSION = YES;
				CLANG_WARN_NON_LITERAL_NULL_CONVERSION = YES;
				CLANG_WARN_OBJC_IMPLICIT_RETAIN_SELF = YES;
				CLANG_WARN_OBJC_LITERAL_CONVERSION = YES;
				CLANG_WARN_OBJC_ROOT_CLASS = YES_ERROR;
				CLANG_WARN_QUOTED_INCLUDE_IN_FRAMEWORK_HEADER = YES;
				CLANG_WARN_RANGE_LOOP_ANALYSIS = YES;
				CLANG_WARN_STRICT_PROTOTYPES = YES;
				CLANG_WARN_SUSPICIOUS_MOVE = YES;
				CLANG_WARN_UNGUARDED_AVAILABILITY = YES_AGGRESSIVE;
				CLANG_WARN_UNREACHABLE_CODE = YES;
				CLANG_WARN__DUPLICATE_METHOD_MATCH = YES;
				COPY_PHASE_STRIP = NO;
				DEBUG_INFORMATION_FORMAT = "dwarf-with-dsym";
				ENABLE_NS_ASSERTIONS = NO;
				ENABLE_STRICT_OBJC_MSGSEND = YES;
				GCC_C_LANGUAGE_STANDARD = gnu11;
				GCC_NO_COMMON_BLOCKS = YES;
				GCC_WARN_64_TO_32_BIT_CONVERSION = YES;
				GCC_WARN_ABOUT_RETURN_TYPE = YES_ERROR;
				GCC_WARN_UNDECLARED_SELECTOR = YES;
				GCC_WARN_UNINITIALIZED_AUTOS = YES_AGGRESSIVE;
				GCC_WARN_UNUSED_FUNCTION = YES;
				GCC_WARN_UNUSED_VARIABLE = YES;
				IPHONEOS_DEPLOYMENT_TARGET = 15.5;
				MTL_ENABLE_DEBUG_INFO = NO;
				MTL_FAST_MATH = YES;
				SDKROOT = iphoneos;
				SWIFT_COMPILATION_MODE = wholemodule;
				SWIFT_OPTIMIZATION_LEVEL = "-O";
				VALIDATE_PRODUCT = YES;
			};
			name = Release;
		};
		607E998828CD9596005F0D8D /* Debug */ = {
			isa = XCBuildConfiguration;
			buildSettings = {
				ASSETCATALOG_COMPILER_APPICON_NAME = AppIcon;
				ASSETCATALOG_COMPILER_GLOBAL_ACCENT_COLOR_NAME = AccentColor;
				CODE_SIGN_STYLE = Automatic;
				CURRENT_PROJECT_VERSION = 1;
				DEVELOPMENT_TEAM = TTFXUL8TCZ;
				GENERATE_INFOPLIST_FILE = YES;
				INFOPLIST_FILE = PlanetList/Info.plist;
				INFOPLIST_KEY_UIApplicationSupportsIndirectInputEvents = YES;
				INFOPLIST_KEY_UILaunchStoryboardName = LaunchScreen;
				INFOPLIST_KEY_UIMainStoryboardFile = Main;
				INFOPLIST_KEY_UISupportedInterfaceOrientations_iPad = "UIInterfaceOrientationPortrait UIInterfaceOrientationPortraitUpsideDown UIInterfaceOrientationLandscapeLeft UIInterfaceOrientationLandscapeRight";
				INFOPLIST_KEY_UISupportedInterfaceOrientations_iPhone = "UIInterfaceOrientationPortrait UIInterfaceOrientationLandscapeLeft UIInterfaceOrientationLandscapeRight";
				LD_RUNPATH_SEARCH_PATHS = (
					"$(inherited)",
					"@executable_path/Frameworks",
				);
				MARKETING_VERSION = 1.0;
				PRODUCT_BUNDLE_IDENTIFIER = com.amila.PlanetList;
				PRODUCT_NAME = "$(TARGET_NAME)";
				SWIFT_EMIT_LOC_STRINGS = YES;
				SWIFT_VERSION = 5.0;
				TARGETED_DEVICE_FAMILY = "1,2";
			};
			name = Debug;
		};
		607E998928CD9596005F0D8D /* Release */ = {
			isa = XCBuildConfiguration;
			buildSettings = {
				ASSETCATALOG_COMPILER_APPICON_NAME = AppIcon;
				ASSETCATALOG_COMPILER_GLOBAL_ACCENT_COLOR_NAME = AccentColor;
				CODE_SIGN_STYLE = Automatic;
				CURRENT_PROJECT_VERSION = 1;
				DEVELOPMENT_TEAM = TTFXUL8TCZ;
				GENERATE_INFOPLIST_FILE = YES;
				INFOPLIST_FILE = PlanetList/Info.plist;
				INFOPLIST_KEY_UIApplicationSupportsIndirectInputEvents = YES;
				INFOPLIST_KEY_UILaunchStoryboardName = LaunchScreen;
				INFOPLIST_KEY_UIMainStoryboardFile = Main;
				INFOPLIST_KEY_UISupportedInterfaceOrientations_iPad = "UIInterfaceOrientationPortrait UIInterfaceOrientationPortraitUpsideDown UIInterfaceOrientationLandscapeLeft UIInterfaceOrientationLandscapeRight";
				INFOPLIST_KEY_UISupportedInterfaceOrientations_iPhone = "UIInterfaceOrientationPortrait UIInterfaceOrientationLandscapeLeft UIInterfaceOrientationLandscapeRight";
				LD_RUNPATH_SEARCH_PATHS = (
					"$(inherited)",
					"@executable_path/Frameworks",
				);
				MARKETING_VERSION = 1.0;
				PRODUCT_BUNDLE_IDENTIFIER = com.amila.PlanetList;
				PRODUCT_NAME = "$(TARGET_NAME)";
				SWIFT_EMIT_LOC_STRINGS = YES;
				SWIFT_VERSION = 5.0;
				TARGETED_DEVICE_FAMILY = "1,2";
			};
			name = Release;
		};
		607E998B28CD9596005F0D8D /* Debug */ = {
			isa = XCBuildConfiguration;
			buildSettings = {
				ALWAYS_EMBED_SWIFT_STANDARD_LIBRARIES = YES;
				BUNDLE_LOADER = "$(TEST_HOST)";
				CODE_SIGN_STYLE = Automatic;
				CURRENT_PROJECT_VERSION = 1;
				DEVELOPMENT_TEAM = TTFXUL8TCZ;
				GENERATE_INFOPLIST_FILE = YES;
				IPHONEOS_DEPLOYMENT_TARGET = 15.5;
				MARKETING_VERSION = 1.0;
				PRODUCT_BUNDLE_IDENTIFIER = com.amila.PlanetListTests;
				PRODUCT_NAME = "$(TARGET_NAME)";
				SWIFT_EMIT_LOC_STRINGS = NO;
				SWIFT_VERSION = 5.0;
				TARGETED_DEVICE_FAMILY = "1,2";
				TEST_HOST = "$(BUILT_PRODUCTS_DIR)/PlanetList.app/PlanetList";
			};
			name = Debug;
		};
		607E998C28CD9596005F0D8D /* Release */ = {
			isa = XCBuildConfiguration;
			buildSettings = {
				ALWAYS_EMBED_SWIFT_STANDARD_LIBRARIES = YES;
				BUNDLE_LOADER = "$(TEST_HOST)";
				CODE_SIGN_STYLE = Automatic;
				CURRENT_PROJECT_VERSION = 1;
				DEVELOPMENT_TEAM = TTFXUL8TCZ;
				GENERATE_INFOPLIST_FILE = YES;
				IPHONEOS_DEPLOYMENT_TARGET = 15.5;
				MARKETING_VERSION = 1.0;
				PRODUCT_BUNDLE_IDENTIFIER = com.amila.PlanetListTests;
				PRODUCT_NAME = "$(TARGET_NAME)";
				SWIFT_EMIT_LOC_STRINGS = NO;
				SWIFT_VERSION = 5.0;
				TARGETED_DEVICE_FAMILY = "1,2";
				TEST_HOST = "$(BUILT_PRODUCTS_DIR)/PlanetList.app/PlanetList";
			};
			name = Release;
		};
		607E998E28CD9596005F0D8D /* Debug */ = {
			isa = XCBuildConfiguration;
			buildSettings = {
				ALWAYS_EMBED_SWIFT_STANDARD_LIBRARIES = YES;
				CODE_SIGN_STYLE = Automatic;
				CURRENT_PROJECT_VERSION = 1;
				DEVELOPMENT_TEAM = TTFXUL8TCZ;
				GENERATE_INFOPLIST_FILE = YES;
				MARKETING_VERSION = 1.0;
				PRODUCT_BUNDLE_IDENTIFIER = com.amila.PlanetListUITests;
				PRODUCT_NAME = "$(TARGET_NAME)";
				SWIFT_EMIT_LOC_STRINGS = NO;
				SWIFT_VERSION = 5.0;
				TARGETED_DEVICE_FAMILY = "1,2";
				TEST_TARGET_NAME = PlanetList;
			};
			name = Debug;
		};
		607E998F28CD9596005F0D8D /* Release */ = {
			isa = XCBuildConfiguration;
			buildSettings = {
				ALWAYS_EMBED_SWIFT_STANDARD_LIBRARIES = YES;
				CODE_SIGN_STYLE = Automatic;
				CURRENT_PROJECT_VERSION = 1;
				DEVELOPMENT_TEAM = TTFXUL8TCZ;
				GENERATE_INFOPLIST_FILE = YES;
				MARKETING_VERSION = 1.0;
				PRODUCT_BUNDLE_IDENTIFIER = com.amila.PlanetListUITests;
				PRODUCT_NAME = "$(TARGET_NAME)";
				SWIFT_EMIT_LOC_STRINGS = NO;
				SWIFT_VERSION = 5.0;
				TARGETED_DEVICE_FAMILY = "1,2";
				TEST_TARGET_NAME = PlanetList;
			};
			name = Release;
		};
/* End XCBuildConfiguration section */

/* Begin XCConfigurationList section */
		607E995828CD9595005F0D8D /* Build configuration list for PBXProject "PlanetList" */ = {
			isa = XCConfigurationList;
			buildConfigurations = (
				607E998528CD9596005F0D8D /* Debug */,
				607E998628CD9596005F0D8D /* Release */,
			);
			defaultConfigurationIsVisible = 0;
			defaultConfigurationName = Release;
		};
		607E998728CD9596005F0D8D /* Build configuration list for PBXNativeTarget "PlanetList" */ = {
			isa = XCConfigurationList;
			buildConfigurations = (
				607E998828CD9596005F0D8D /* Debug */,
				607E998928CD9596005F0D8D /* Release */,
			);
			defaultConfigurationIsVisible = 0;
			defaultConfigurationName = Release;
		};
		607E998A28CD9596005F0D8D /* Build configuration list for PBXNativeTarget "PlanetListTests" */ = {
			isa = XCConfigurationList;
			buildConfigurations = (
				607E998B28CD9596005F0D8D /* Debug */,
				607E998C28CD9596005F0D8D /* Release */,
			);
			defaultConfigurationIsVisible = 0;
			defaultConfigurationName = Release;
		};
		607E998D28CD9596005F0D8D /* Build configuration list for PBXNativeTarget "PlanetListUITests" */ = {
			isa = XCConfigurationList;
			buildConfigurations = (
				607E998E28CD9596005F0D8D /* Debug */,
				607E998F28CD9596005F0D8D /* Release */,
			);
			defaultConfigurationIsVisible = 0;
			defaultConfigurationName = Release;
		};
/* End XCConfigurationList section */
	};
	rootObject = 607E995528CD9595005F0D8D /* Project object */;
}
